
Microsoft Visual Studio Solution File, Format Version 12.00
# Visual Studio Version 17
VisualStudioVersion = 17.4.33213.308
MinimumVisualStudioVersion = 10.0.40219.1
Project("{FAE04EC0-301F-11D3-BF4B-00C04F79EFBC}") = "ExcelTestTask", "ExcelTestTask\ExcelTestTask.csproj", "{ED2590BB-0A2F-4FD4-BB69-8573C125E6CA}"
EndProject
Global
	GlobalSection(SolutionConfigurationPlatforms) = preSolution
		Debug|Any CPU = Debug|Any CPU
		Release|Any CPU = Release|Any CPU
	EndGlobalSection
	GlobalSection(ProjectConfigurationPlatforms) = postSolution
		{ED2590BB-0A2F-4FD4-BB69-8573C125E6CA}.Debug|Any CPU.ActiveCfg = Debug|Any CPU
		{ED2590BB-0A2F-4FD4-BB69-8573C125E6CA}.Debug|Any CPU.Build.0 = Debug|Any CPU
		{ED2590BB-0A2F-4FD4-BB69-8573C125E6CA}.Release|Any CPU.ActiveCfg = Release|Any CPU
		{ED2590BB-0A2F-4FD4-BB69-8573C125E6CA}.Release|Any CPU.Build.0 = Release|Any CPU
	EndGlobalSection
	GlobalSection(SolutionProperties) = preSolution
		HideSolutionNode = FALSE
	EndGlobalSection
	GlobalSection(ExtensibilityGlobals) = postSolution
		SolutionGuid = {B941F372-B88C-46D8-A240-9608D3D1FE6F}
	EndGlobalSection
EndGlobal
